// !$*UTF8*$!
{
	archiveVersion = 1;
	classes = {
	};
	objectVersion = 50;
	objects = {

/* Begin PBXBuildFile section */
		024498FC228EADE5008A9180 /* AppDelegate.swift in Sources */ = {isa = PBXBuildFile; fileRef = 024498FB228EADE5008A9180 /* AppDelegate.swift */; };
		024498FE228EADE5008A9180 /* ProductsView.swift in Sources */ = {isa = PBXBuildFile; fileRef = 024498FD228EADE5008A9180 /* ProductsView.swift */; };
		02449901228EADE5008A9180 /* Main.storyboard in Resources */ = {isa = PBXBuildFile; fileRef = 024498FF228EADE5008A9180 /* Main.storyboard */; };
		02449903228EADE7008A9180 /* Assets.xcassets in Resources */ = {isa = PBXBuildFile; fileRef = 02449902228EADE7008A9180 /* Assets.xcassets */; };
		02449906228EADE7008A9180 /* LaunchScreen.storyboard in Resources */ = {isa = PBXBuildFile; fileRef = 02449904228EADE7008A9180 /* LaunchScreen.storyboard */; };
		0244990E228EBA42008A9180 /* ProductCell.swift in Sources */ = {isa = PBXBuildFile; fileRef = 0244990D228EBA42008A9180 /* ProductCell.swift */; };
		02449910228EBB3F008A9180 /* ProductCellItem.swift in Sources */ = {isa = PBXBuildFile; fileRef = 0244990F228EBB3F008A9180 /* ProductCellItem.swift */; };
		02449912228EBE95008A9180 /* UIHelper.swift in Sources */ = {isa = PBXBuildFile; fileRef = 02449911228EBE95008A9180 /* UIHelper.swift */; };
		02449917228EF32D008A9180 /* ProductsInteractor.swift in Sources */ = {isa = PBXBuildFile; fileRef = 02449916228EF32D008A9180 /* ProductsInteractor.swift */; };
		0244991B228F0284008A9180 /* Products.swift in Sources */ = {isa = PBXBuildFile; fileRef = 0244991A228F0284008A9180 /* Products.swift */; };
		0B501CD6101123BF8139DC95 /* Pods_ProductsApp.framework in Frameworks */ = {isa = PBXBuildFile; fileRef = F9F6F4708A9E8BC93BA91B0D /* Pods_ProductsApp.framework */; };
/* End PBXBuildFile section */

/* Begin PBXFileReference section */
		024498F8228EADE5008A9180 /* ProductsApp.app */ = {isa = PBXFileReference; explicitFileType = wrapper.application; includeInIndex = 0; path = ProductsApp.app; sourceTree = BUILT_PRODUCTS_DIR; };
		024498FB228EADE5008A9180 /* AppDelegate.swift */ = {isa = PBXFileReference; lastKnownFileType = sourcecode.swift; path = AppDelegate.swift; sourceTree = "<group>"; };
		024498FD228EADE5008A9180 /* ProductsView.swift */ = {isa = PBXFileReference; lastKnownFileType = sourcecode.swift; path = ProductsView.swift; sourceTree = "<group>"; };
		02449900228EADE5008A9180 /* Base */ = {isa = PBXFileReference; lastKnownFileType = file.storyboard; name = Base; path = Base.lproj/Main.storyboard; sourceTree = "<group>"; };
		02449902228EADE7008A9180 /* Assets.xcassets */ = {isa = PBXFileReference; lastKnownFileType = folder.assetcatalog; path = Assets.xcassets; sourceTree = "<group>"; };
		02449905228EADE7008A9180 /* Base */ = {isa = PBXFileReference; lastKnownFileType = file.storyboard; name = Base; path = Base.lproj/LaunchScreen.storyboard; sourceTree = "<group>"; };
		02449907228EADE7008A9180 /* Info.plist */ = {isa = PBXFileReference; lastKnownFileType = text.plist.xml; path = Info.plist; sourceTree = "<group>"; };
		0244990D228EBA42008A9180 /* ProductCell.swift */ = {isa = PBXFileReference; lastKnownFileType = sourcecode.swift; path = ProductCell.swift; sourceTree = "<group>"; };
		0244990F228EBB3F008A9180 /* ProductCellItem.swift */ = {isa = PBXFileReference; lastKnownFileType = sourcecode.swift; path = ProductCellItem.swift; sourceTree = "<group>"; };
		02449911228EBE95008A9180 /* UIHelper.swift */ = {isa = PBXFileReference; lastKnownFileType = sourcecode.swift; path = UIHelper.swift; sourceTree = "<group>"; };
		02449916228EF32D008A9180 /* ProductsInteractor.swift */ = {isa = PBXFileReference; lastKnownFileType = sourcecode.swift; path = ProductsInteractor.swift; sourceTree = "<group>"; };
		0244991A228F0284008A9180 /* Products.swift */ = {isa = PBXFileReference; lastKnownFileType = sourcecode.swift; path = Products.swift; sourceTree = "<group>"; };
		C530855C9D30FD5E465B902C /* Pods-ProductsApp.release.xcconfig */ = {isa = PBXFileReference; includeInIndex = 1; lastKnownFileType = text.xcconfig; name = "Pods-ProductsApp.release.xcconfig"; path = "Pods/Target Support Files/Pods-ProductsApp/Pods-ProductsApp.release.xcconfig"; sourceTree = "<group>"; };
		E4FD9768BB40AB97AF2AB38C /* Pods-ProductsApp.debug.xcconfig */ = {isa = PBXFileReference; includeInIndex = 1; lastKnownFileType = text.xcconfig; name = "Pods-ProductsApp.debug.xcconfig"; path = "Pods/Target Support Files/Pods-ProductsApp/Pods-ProductsApp.debug.xcconfig"; sourceTree = "<group>"; };
		F9F6F4708A9E8BC93BA91B0D /* Pods_ProductsApp.framework */ = {isa = PBXFileReference; explicitFileType = wrapper.framework; includeInIndex = 0; path = Pods_ProductsApp.framework; sourceTree = BUILT_PRODUCTS_DIR; };
/* End PBXFileReference section */

/* Begin PBXFrameworksBuildPhase section */
		024498F5228EADE5008A9180 /* Frameworks */ = {
			isa = PBXFrameworksBuildPhase;
			buildActionMask = 2147483647;
			files = (
				0B501CD6101123BF8139DC95 /* Pods_ProductsApp.framework in Frameworks */,
			);
			runOnlyForDeploymentPostprocessing = 0;
		};
/* End PBXFrameworksBuildPhase section */

/* Begin PBXGroup section */
		024498EF228EADE5008A9180 = {
			isa = PBXGroup;
			children = (
				024498FA228EADE5008A9180 /* ProductsApp */,
				024498F9228EADE5008A9180 /* Products */,
				30C76D57F2F460B21F7A7009 /* Pods */,
				C0D6E6DE86CB3A59727D1F3C /* Frameworks */,
			);
			sourceTree = "<group>";
		};
		024498F9228EADE5008A9180 /* Products */ = {
			isa = PBXGroup;
			children = (
				024498F8228EADE5008A9180 /* ProductsApp.app */,
			);
			name = Products;
			sourceTree = "<group>";
		};
		024498FA228EADE5008A9180 /* ProductsApp */ = {
			isa = PBXGroup;
			children = (
				024498FB228EADE5008A9180 /* AppDelegate.swift */,
				02449911228EBE95008A9180 /* UIHelper.swift */,
				024498FF228EADE5008A9180 /* Main.storyboard */,
				024498FD228EADE5008A9180 /* ProductsView.swift */,
				0244991A228F0284008A9180 /* Products.swift */,
				02449916228EF32D008A9180 /* ProductsInteractor.swift */,
				0244990D228EBA42008A9180 /* ProductCell.swift */,
				0244990F228EBB3F008A9180 /* ProductCellItem.swift */,
				02449915228ED633008A9180 /* Supporting Files */,
				02449907228EADE7008A9180 /* Info.plist */,
			);
			path = ProductsApp;
			sourceTree = "<group>";
		};
		02449915228ED633008A9180 /* Supporting Files */ = {
			isa = PBXGroup;
			children = (
				02449902228EADE7008A9180 /* Assets.xcassets */,
				02449904228EADE7008A9180 /* LaunchScreen.storyboard */,
			);
			path = "Supporting Files";
			sourceTree = "<group>";
		};
		30C76D57F2F460B21F7A7009 /* Pods */ = {
			isa = PBXGroup;
			children = (
				E4FD9768BB40AB97AF2AB38C /* Pods-ProductsApp.debug.xcconfig */,
				C530855C9D30FD5E465B902C /* Pods-ProductsApp.release.xcconfig */,
			);
			name = Pods;
			sourceTree = "<group>";
		};
		C0D6E6DE86CB3A59727D1F3C /* Frameworks */ = {
			isa = PBXGroup;
			children = (
				F9F6F4708A9E8BC93BA91B0D /* Pods_ProductsApp.framework */,
			);
			name = Frameworks;
			sourceTree = "<group>";
		};
/* End PBXGroup section */

/* Begin PBXNativeTarget section */
		024498F7228EADE5008A9180 /* ProductsApp */ = {
			isa = PBXNativeTarget;
			buildConfigurationList = 0244990A228EADE7008A9180 /* Build configuration list for PBXNativeTarget "ProductsApp" */;
			buildPhases = (
				F000D051338CED54C08BF2A0 /* [CP] Check Pods Manifest.lock */,
				024498F4228EADE5008A9180 /* Sources */,
				024498F5228EADE5008A9180 /* Frameworks */,
				024498F6228EADE5008A9180 /* Resources */,
				8251ADB2F560A78860A80C51 /* [CP] Embed Pods Frameworks */,
			);
			buildRules = (
			);
			dependencies = (
			);
			name = ProductsApp;
			productName = ProductsApp;
			productReference = 024498F8228EADE5008A9180 /* ProductsApp.app */;
			productType = "com.apple.product-type.application";
		};
/* End PBXNativeTarget section */

/* Begin PBXProject section */
		024498F0228EADE5008A9180 /* Project object */ = {
			isa = PBXProject;
			attributes = {
				LastSwiftUpdateCheck = 1010;
				LastUpgradeCheck = 1010;
				ORGANIZATIONNAME = example;
				TargetAttributes = {
					024498F7228EADE5008A9180 = {
						CreatedOnToolsVersion = 10.1;
					};
				};
			};
			buildConfigurationList = 024498F3228EADE5008A9180 /* Build configuration list for PBXProject "ProductsApp" */;
			compatibilityVersion = "Xcode 9.3";
			developmentRegion = en;
			hasScannedForEncodings = 0;
			knownRegions = (
				en,
				Base,
			);
			mainGroup = 024498EF228EADE5008A9180;
			productRefGroup = 024498F9228EADE5008A9180 /* Products */;
			projectDirPath = "";
			projectRoot = "";
			targets = (
				024498F7228EADE5008A9180 /* ProductsApp */,
			);
		};
/* End PBXProject section */

/* Begin PBXResourcesBuildPhase section */
		024498F6228EADE5008A9180 /* Resources */ = {
			isa = PBXResourcesBuildPhase;
			buildActionMask = 2147483647;
			files = (
				02449906228EADE7008A9180 /* LaunchScreen.storyboard in Resources */,
				02449903228EADE7008A9180 /* Assets.xcassets in Resources */,
				02449901228EADE5008A9180 /* Main.storyboard in Resources */,
			);
			runOnlyForDeploymentPostprocessing = 0;
		};
/* End PBXResourcesBuildPhase section */

/* Begin PBXShellScriptBuildPhase section */
		8251ADB2F560A78860A80C51 /* [CP] Embed Pods Frameworks */ = {
			isa = PBXShellScriptBuildPhase;
			buildActionMask = 2147483647;
			files = (
			);
			inputPaths = (
				"${SRCROOT}/Pods/Target Support Files/Pods-ProductsApp/Pods-ProductsApp-frameworks.sh",
				"${BUILT_PRODUCTS_DIR}/Alamofire/Alamofire.framework",
				"${BUILT_PRODUCTS_DIR}/Kingfisher/Kingfisher.framework",
			);
			name = "[CP] Embed Pods Frameworks";
			outputPaths = (
				"${TARGET_BUILD_DIR}/${FRAMEWORKS_FOLDER_PATH}/Alamofire.framework",
				"${TARGET_BUILD_DIR}/${FRAMEWORKS_FOLDER_PATH}/Kingfisher.framework",
			);
			runOnlyForDeploymentPostprocessing = 0;
			shellPath = /bin/sh;
			shellScript = "\"${SRCROOT}/Pods/Target Support Files/Pods-ProductsApp/Pods-ProductsApp-frameworks.sh\"\n";
			showEnvVarsInLog = 0;
		};
		F000D051338CED54C08BF2A0 /* [CP] Check Pods Manifest.lock */ = {
			isa = PBXShellScriptBuildPhase;
			buildActionMask = 2147483647;
			files = (
			);
			inputPaths = (
				"${PODS_PODFILE_DIR_PATH}/Podfile.lock",
				"${PODS_ROOT}/Manifest.lock",
			);
			name = "[CP] Check Pods Manifest.lock";
			outputPaths = (
				"$(DERIVED_FILE_DIR)/Pods-ProductsApp-checkManifestLockResult.txt",
			);
			runOnlyForDeploymentPostprocessing = 0;
			shellPath = /bin/sh;
			shellScript = "diff \"${PODS_PODFILE_DIR_PATH}/Podfile.lock\" \"${PODS_ROOT}/Manifest.lock\" > /dev/null\nif [ $? != 0 ] ; then\n    # print error to STDERR\n    echo \"error: The sandbox is not in sync with the Podfile.lock. Run 'pod install' or update your CocoaPods installation.\" >&2\n    exit 1\nfi\n# This output is used by Xcode 'outputs' to avoid re-running this script phase.\necho \"SUCCESS\" > \"${SCRIPT_OUTPUT_FILE_0}\"\n";
			showEnvVarsInLog = 0;
		};
/* End PBXShellScriptBuildPhase section */

/* Begin PBXSourcesBuildPhase section */
		024498F4228EADE5008A9180 /* Sources */ = {
			isa = PBXSourcesBuildPhase;
			buildActionMask = 2147483647;
			files = (
				02449917228EF32D008A9180 /* ProductsInteractor.swift in Sources */,
				02449910228EBB3F008A9180 /* ProductCellItem.swift in Sources */,
				0244990E228EBA42008A9180 /* ProductCell.swift in Sources */,
				0244991B228F0284008A9180 /* Products.swift in Sources */,
				024498FE228EADE5008A9180 /* ProductsView.swift in Sources */,
				02449912228EBE95008A9180 /* UIHelper.swift in Sources */,
				024498FC228EADE5008A9180 /* AppDelegate.swift in Sources */,
			);
			runOnlyForDeploymentPostprocessing = 0;
		};
/* End PBXSourcesBuildPhase section */

/* Begin PBXVariantGroup section */
		024498FF228EADE5008A9180 /* Main.storyboard */ = {
			isa = PBXVariantGroup;
			children = (
				02449900228EADE5008A9180 /* Base */,
			);
			name = Main.storyboard;
			sourceTree = "<group>";
		};
		02449904228EADE7008A9180 /* LaunchScreen.storyboard */ = {
			isa = PBXVariantGroup;
			children = (
				02449905228EADE7008A9180 /* Base */,
			);
			name = LaunchScreen.storyboard;
			sourceTree = "<group>";
		};
/* End PBXVariantGroup section */

/* Begin XCBuildConfiguration section */
		02449908228EADE7008A9180 /* Debug */ = {
			isa = XCBuildConfiguration;
			buildSettings = {
				ALWAYS_SEARCH_USER_PATHS = NO;
				CLANG_ANALYZER_NONNULL = YES;
				CLANG_ANALYZER_NUMBER_OBJECT_CONVERSION = YES_AGGRESSIVE;
				CLANG_CXX_LANGUAGE_STANDARD = "gnu++14";
				CLANG_CXX_LIBRARY = "libc++";
				CLANG_ENABLE_MODULES = YES;
				CLANG_ENABLE_OBJC_ARC = YES;
				CLANG_ENABLE_OBJC_WEAK = YES;
				CLANG_WARN_BLOCK_CAPTURE_AUTORELEASING = YES;
				CLANG_WARN_BOOL_CONVERSION = YES;
				CLANG_WARN_COMMA = YES;
				CLANG_WARN_CONSTANT_CONVERSION = YES;
				CLANG_WARN_DEPRECATED_OBJC_IMPLEMENTATIONS = YES;
				CLANG_WARN_DIRECT_OBJC_ISA_USAGE = YES_ERROR;
				CLANG_WARN_DOCUMENTATION_COMMENTS = YES;
				CLANG_WARN_EMPTY_BODY = YES;
				CLANG_WARN_ENUM_CONVERSION = YES;
				CLANG_WARN_INFINITE_RECURSION = YES;
				CLANG_WARN_INT_CONVERSION = YES;
				CLANG_WARN_NON_LITERAL_NULL_CONVERSION = YES;
				CLANG_WARN_OBJC_IMPLICIT_RETAIN_SELF = YES;
				CLANG_WARN_OBJC_LITERAL_CONVERSION = YES;
				CLANG_WARN_OBJC_ROOT_CLASS = YES_ERROR;
				CLANG_WARN_RANGE_LOOP_ANALYSIS = YES;
				CLANG_WARN_STRICT_PROTOTYPES = YES;
				CLANG_WARN_SUSPICIOUS_MOVE = YES;
				CLANG_WARN_UNGUARDED_AVAILABILITY = YES_AGGRESSIVE;
				CLANG_WARN_UNREACHABLE_CODE = YES;
				CLANG_WARN__DUPLICATE_METHOD_MATCH = YES;
				CODE_SIGN_IDENTITY = "iPhone Developer";
				COPY_PHASE_STRIP = NO;
				DEBUG_INFORMATION_FORMAT = dwarf;
				ENABLE_STRICT_OBJC_MSGSEND = YES;
				ENABLE_TESTABILITY = YES;
				GCC_C_LANGUAGE_STANDARD = gnu11;
				GCC_DYNAMIC_NO_PIC = NO;
				GCC_NO_COMMON_BLOCKS = YES;
				GCC_OPTIMIZATION_LEVEL = 0;
				GCC_PREPROCESSOR_DEFINITIONS = (
					"DEBUG=1",
					"$(inherited)",
				);
				GCC_WARN_64_TO_32_BIT_CONVERSION = YES;
				GCC_WARN_ABOUT_RETURN_TYPE = YES_ERROR;
				GCC_WARN_UNDECLARED_SELECTOR = YES;
				GCC_WARN_UNINITIALIZED_AUTOS = YES_AGGRESSIVE;
				GCC_WARN_UNUSED_FUNCTION = YES;
				GCC_WARN_UNUSED_VARIABLE = YES;
				IPHONEOS_DEPLOYMENT_TARGET = 12.1;
				MTL_ENABLE_DEBUG_INFO = INCLUDE_SOURCE;
				MTL_FAST_MATH = YES;
				ONLY_ACTIVE_ARCH = YES;
				SDKROOT = iphoneos;
				SWIFT_ACTIVE_COMPILATION_CONDITIONS = DEBUG;
				SWIFT_OPTIMIZATION_LEVEL = "-Onone";
			};
			name = Debug;
		};
		02449909228EADE7008A9180 /* Release */ = {
			isa = XCBuildConfiguration;
			buildSettings = {
				ALWAYS_SEARCH_USER_PATHS = NO;
				CLANG_ANALYZER_NONNULL = YES;
				CLANG_ANALYZER_NUMBER_OBJECT_CONVERSION = YES_AGGRESSIVE;
				CLANG_CXX_LANGUAGE_STANDARD = "gnu++14";
				CLANG_CXX_LIBRARY = "libc++";
				CLANG_ENABLE_MODULES = YES;
				CLANG_ENABLE_OBJC_ARC = YES;
				CLANG_ENABLE_OBJC_WEAK = YES;
				CLANG_WARN_BLOCK_CAPTURE_AUTORELEASING = YES;
				CLANG_WARN_BOOL_CONVERSION = YES;
				CLANG_WARN_COMMA = YES;
				CLANG_WARN_CONSTANT_CONVERSION = YES;
				CLANG_WARN_DEPRECATED_OBJC_IMPLEMENTATIONS = YES;
				CLANG_WARN_DIRECT_OBJC_ISA_USAGE = YES_ERROR;
				CLANG_WARN_DOCUMENTATION_COMMENTS = YES;
				CLANG_WARN_EMPTY_BODY = YES;
				CLANG_WARN_ENUM_CONVERSION = YES;
				CLANG_WARN_INFINITE_RECURSION = YES;
				CLANG_WARN_INT_CONVERSION = YES;
				CLANG_WARN_NON_LITERAL_NULL_CONVERSION = YES;
				CLANG_WARN_OBJC_IMPLICIT_RETAIN_SELF = YES;
				CLANG_WARN_OBJC_LITERAL_CONVERSION = YES;
				CLANG_WARN_OBJC_ROOT_CLASS = YES_ERROR;
				CLANG_WARN_RANGE_LOOP_ANALYSIS = YES;
				CLANG_WARN_STRICT_PROTOTYPES = YES;
				CLANG_WARN_SUSPICIOUS_MOVE = YES;
				CLANG_WARN_UNGUARDED_AVAILABILITY = YES_AGGRESSIVE;
				CLANG_WARN_UNREACHABLE_CODE = YES;
				CLANG_WARN__DUPLICATE_METHOD_MATCH = YES;
				CODE_SIGN_IDENTITY = "iPhone Developer";
				COPY_PHASE_STRIP = NO;
				DEBUG_INFORMATION_FORMAT = "dwarf-with-dsym";
				ENABLE_NS_ASSERTIONS = NO;
				ENABLE_STRICT_OBJC_MSGSEND = YES;
				GCC_C_LANGUAGE_STANDARD = gnu11;
				GCC_NO_COMMON_BLOCKS = YES;
				GCC_WARN_64_TO_32_BIT_CONVERSION = YES;
				GCC_WARN_ABOUT_RETURN_TYPE = YES_ERROR;
				GCC_WARN_UNDECLARED_SELECTOR = YES;
				GCC_WARN_UNINITIALIZED_AUTOS = YES_AGGRESSIVE;
				GCC_WARN_UNUSED_FUNCTION = YES;
				GCC_WARN_UNUSED_VARIABLE = YES;
				IPHONEOS_DEPLOYMENT_TARGET = 12.1;
				MTL_ENABLE_DEBUG_INFO = NO;
				MTL_FAST_MATH = YES;
				SDKROOT = iphoneos;
				SWIFT_COMPILATION_MODE = wholemodule;
				SWIFT_OPTIMIZATION_LEVEL = "-O";
				VALIDATE_PRODUCT = YES;
			};
			name = Release;
		};
		0244990B228EADE7008A9180 /* Debug */ = {
			isa = XCBuildConfiguration;
			baseConfigurationReference = E4FD9768BB40AB97AF2AB38C /* Pods-ProductsApp.debug.xcconfig */;
			buildSettings = {
				ASSETCATALOG_COMPILER_APPICON_NAME = AppIcon;
				CODE_SIGN_STYLE = Automatic;
				DEVELOPMENT_TEAM = J7S5F5P6TC;
				INFOPLIST_FILE = ProductsApp/Info.plist;
				LD_RUNPATH_SEARCH_PATHS = (
					"$(inherited)",
					"@executable_path/Frameworks",
				);
				PRODUCT_BUNDLE_IDENTIFIER = example.ProductsApp;
				PRODUCT_NAME = "$(TARGET_NAME)";
				SWIFT_VERSION = 4.2;
				TARGETED_DEVICE_FAMILY = "1,2";
			};
			name = Debug;
		};
		0244990C228EADE7008A9180 /* Release */ = {
			isa = XCBuildConfiguration;
			baseConfigurationReference = C530855C9D30FD5E465B902C /* Pods-ProductsApp.release.xcconfig */;
			buildSettings = {
				ASSETCATALOG_COMPILER_APPICON_NAME = AppIcon;
				CODE_SIGN_STYLE = Automatic;
				DEVELOPMENT_TEAM = J7S5F5P6TC;
				INFOPLIST_FILE = ProductsApp/Info.plist;
				LD_RUNPATH_SEARCH_PATHS = (
					"$(inherited)",
					"@executable_path/Frameworks",
				);
				PRODUCT_BUNDLE_IDENTIFIER = example.ProductsApp;
				PRODUCT_NAME = "$(TARGET_NAME)";
				SWIFT_VERSION = 4.2;
				TARGETED_DEVICE_FAMILY = "1,2";
			};
			name = Release;
		};
/* End XCBuildConfiguration section */

/* Begin XCConfigurationList section */
		024498F3228EADE5008A9180 /* Build configuration list for PBXProject "ProductsApp" */ = {
			isa = XCConfigurationList;
			buildConfigurations = (
				02449908228EADE7008A9180 /* Debug */,
				02449909228EADE7008A9180 /* Release */,
			);
			defaultConfigurationIsVisible = 0;
			defaultConfigurationName = Release;
		};
		0244990A228EADE7008A9180 /* Build configuration list for PBXNativeTarget "ProductsApp" */ = {
			isa = XCConfigurationList;
			buildConfigurations = (
				0244990B228EADE7008A9180 /* Debug */,
				0244990C228EADE7008A9180 /* Release */,
			);
			defaultConfigurationIsVisible = 0;
			defaultConfigurationName = Release;
		};
/* End XCConfigurationList section */
	};
	rootObject = 024498F0228EADE5008A9180 /* Project object */;
}
